
Microsoft Visual Studio Solution File, Format Version 12.00
# Visual Studio Version 16
VisualStudioVersion = 16.0.31702.278
MinimumVisualStudioVersion = 10.0.40219.1
Project("{FAE04EC0-301F-11D3-BF4B-00C04F79EFBC}") = "Moduit.API", "Moduit.API\Moduit.API.csproj", "{2CCC9BEB-6529-4106-8F52-4BAD0C30E7FA}"
EndProject
Global
	GlobalSection(SolutionConfigurationPlatforms) = preSolution
		Debug|Any CPU = Debug|Any CPU
		Release|Any CPU = Release|Any CPU
	EndGlobalSection
	GlobalSection(ProjectConfigurationPlatforms) = postSolution
		{2CCC9BEB-6529-4106-8F52-4BAD0C30E7FA}.Debug|Any CPU.ActiveCfg = Debug|Any CPU
		{2CCC9BEB-6529-4106-8F52-4BAD0C30E7FA}.Debug|Any CPU.Build.0 = Debug|Any CPU
		{2CCC9BEB-6529-4106-8F52-4BAD0C30E7FA}.Release|Any CPU.ActiveCfg = Release|Any CPU
		{2CCC9BEB-6529-4106-8F52-4BAD0C30E7FA}.Release|Any CPU.Build.0 = Release|Any CPU
	EndGlobalSection
	GlobalSection(SolutionProperties) = preSolution
		HideSolutionNode = FALSE
	EndGlobalSection
	GlobalSection(ExtensibilityGlobals) = postSolution
		SolutionGuid = {05DFF209-8732-424A-80F0-50999F6CFB01}
	EndGlobalSection
EndGlobal
